{
  "requires": true,
  "lockfileVersion": 1,
  "dependencies": {
    "yew-styles": {
      "version": "0.8.1",
      "resolved": "https://registry.npmjs.org/yew-styles/-/yew-styles-0.8.1.tgz",
      "integrity": "sha512-ATlV2aPgtB67MXaYiQBmfHfJSk3EMgeMDMwzNM7V/eXLIzoci+OezhgfVlAJXcyI95RDc9JhP/Eln9AeMWMXVg=="
    }
  }
}
